
Microsoft Visual Studio Solution File, Format Version 12.00
# Visual Studio Version 16
VisualStudioVersion = 16.0.35931.194
MinimumVisualStudioVersion = 10.0.40219.1
Project("{FAE04EC0-301F-11D3-BF4B-00C04F79EFBC}") = "SWProject", "SWProject\SWProject.csproj", "{4A706D3F-E99C-46E0-84C7-0180EE8F647A}"
EndProject
Global
	GlobalSection(SolutionConfigurationPlatforms) = preSolution
		Debug|Any CPU = Debug|Any CPU
		Release|Any CPU = Release|Any CPU
	EndGlobalSection
	GlobalSection(ProjectConfigurationPlatforms) = postSolution
		{4A706D3F-E99C-46E0-84C7-0180EE8F647A}.Debug|Any CPU.ActiveCfg = Debug|Any CPU
		{4A706D3F-E99C-46E0-84C7-0180EE8F647A}.Debug|Any CPU.Build.0 = Debug|Any CPU
		{4A706D3F-E99C-46E0-84C7-0180EE8F647A}.Release|Any CPU.ActiveCfg = Release|Any CPU
		{4A706D3F-E99C-46E0-84C7-0180EE8F647A}.Release|Any CPU.Build.0 = Release|Any CPU
	EndGlobalSection
	GlobalSection(SolutionProperties) = preSolution
		HideSolutionNode = FALSE
	EndGlobalSection
	GlobalSection(ExtensibilityGlobals) = postSolution
		SolutionGuid = {DD2BD0C1-5475-4BDF-AEB6-BB17B11EC940}
	EndGlobalSection
EndGlobal
